
Microsoft Visual Studio Solution File, Format Version 12.00
# Visual Studio Version 17
VisualStudioVersion = 17.1.32228.430
MinimumVisualStudioVersion = 10.0.40219.1
Project("{2150E333-8FDC-42A3-9474-1A3956D46DE8}") = "src", "src", "{E60E108C-4F81-4546-A7F7-CBFCBC64C8EF}"
EndProject
Project("{2150E333-8FDC-42A3-9474-1A3956D46DE8}") = "Microservices", "Microservices", "{411640AA-0CEC-4AAF-A911-75A4E5EEB7FC}"
EndProject
Project("{2150E333-8FDC-42A3-9474-1A3956D46DE8}") = "Client", "Client", "{A5E8191C-B551-47DC-BE3C-147041F06035}"
EndProject
Project("{54A90642-561A-4BB1-A94E-469ADEE60C69}") = "ReactSPA", "ReactSPA\ReactSPA.esproj", "{E95B026B-3E0B-4C38-BAB8-F86DACB55E8B}"
EndProject
Project("{9A19103F-16F7-4668-BE54-9A1E7A4F7556}") = "ListingAPI", "Listing.API\ListingAPI.csproj", "{03023A73-4241-4686-BA74-4F1B8158CD7D}"
EndProject
Project("{FAE04EC0-301F-11D3-BF4B-00C04F79EFBC}") = "AuthAPI", "AuthAPI\AuthAPI.csproj", "{11DBFA7B-8168-40D9-A09A-3F7243F6B401}"
EndProject
Global
	GlobalSection(SolutionConfigurationPlatforms) = preSolution
		Debug|Any CPU = Debug|Any CPU
		Release|Any CPU = Release|Any CPU
	EndGlobalSection
	GlobalSection(ProjectConfigurationPlatforms) = postSolution
		{E95B026B-3E0B-4C38-BAB8-F86DACB55E8B}.Debug|Any CPU.ActiveCfg = Debug|Any CPU
		{E95B026B-3E0B-4C38-BAB8-F86DACB55E8B}.Debug|Any CPU.Build.0 = Debug|Any CPU
		{E95B026B-3E0B-4C38-BAB8-F86DACB55E8B}.Debug|Any CPU.Deploy.0 = Debug|Any CPU
		{E95B026B-3E0B-4C38-BAB8-F86DACB55E8B}.Release|Any CPU.ActiveCfg = Release|Any CPU
		{E95B026B-3E0B-4C38-BAB8-F86DACB55E8B}.Release|Any CPU.Build.0 = Release|Any CPU
		{E95B026B-3E0B-4C38-BAB8-F86DACB55E8B}.Release|Any CPU.Deploy.0 = Release|Any CPU
		{03023A73-4241-4686-BA74-4F1B8158CD7D}.Debug|Any CPU.ActiveCfg = Debug|Any CPU
		{03023A73-4241-4686-BA74-4F1B8158CD7D}.Debug|Any CPU.Build.0 = Debug|Any CPU
		{03023A73-4241-4686-BA74-4F1B8158CD7D}.Release|Any CPU.ActiveCfg = Release|Any CPU
		{03023A73-4241-4686-BA74-4F1B8158CD7D}.Release|Any CPU.Build.0 = Release|Any CPU
		{11DBFA7B-8168-40D9-A09A-3F7243F6B401}.Debug|Any CPU.ActiveCfg = Debug|Any CPU
		{11DBFA7B-8168-40D9-A09A-3F7243F6B401}.Debug|Any CPU.Build.0 = Debug|Any CPU
		{11DBFA7B-8168-40D9-A09A-3F7243F6B401}.Release|Any CPU.ActiveCfg = Release|Any CPU
		{11DBFA7B-8168-40D9-A09A-3F7243F6B401}.Release|Any CPU.Build.0 = Release|Any CPU
	EndGlobalSection
	GlobalSection(SolutionProperties) = preSolution
		HideSolutionNode = FALSE
	EndGlobalSection
	GlobalSection(NestedProjects) = preSolution
		{411640AA-0CEC-4AAF-A911-75A4E5EEB7FC} = {E60E108C-4F81-4546-A7F7-CBFCBC64C8EF}
		{A5E8191C-B551-47DC-BE3C-147041F06035} = {E60E108C-4F81-4546-A7F7-CBFCBC64C8EF}
		{E95B026B-3E0B-4C38-BAB8-F86DACB55E8B} = {A5E8191C-B551-47DC-BE3C-147041F06035}
		{03023A73-4241-4686-BA74-4F1B8158CD7D} = {411640AA-0CEC-4AAF-A911-75A4E5EEB7FC}
		{11DBFA7B-8168-40D9-A09A-3F7243F6B401} = {411640AA-0CEC-4AAF-A911-75A4E5EEB7FC}
	EndGlobalSection
	GlobalSection(ExtensibilityGlobals) = postSolution
		SolutionGuid = {F0CA2DF3-2B4B-431E-B635-0E0D7E9418B3}
	EndGlobalSection
EndGlobal
