
Microsoft Visual Studio Solution File, Format Version 12.00
# Visual Studio Version 17
VisualStudioVersion = 17.1.32228.430
MinimumVisualStudioVersion = 10.0.40219.1
Project("{2150E333-8FDC-42A3-9474-1A3956D46DE8}") = "src", "src", "{E60E108C-4F81-4546-A7F7-CBFCBC64C8EF}"
EndProject
Project("{2150E333-8FDC-42A3-9474-1A3956D46DE8}") = "Services", "Services", "{411640AA-0CEC-4AAF-A911-75A4E5EEB7FC}"
EndProject
Project("{FAE04EC0-301F-11D3-BF4B-00C04F79EFBC}") = "CatalogAPI", "CatalogAPI\CatalogAPI.csproj", "{EC1BD6D2-AEBD-4C50-A57D-8CF74D1B7E7E}"
EndProject
Project("{2150E333-8FDC-42A3-9474-1A3956D46DE8}") = "Catalog", "Catalog", "{722EABCA-E576-4986-B884-FA903FC197B5}"
EndProject
Project("{2150E333-8FDC-42A3-9474-1A3956D46DE8}") = "Client", "Client", "{A5E8191C-B551-47DC-BE3C-147041F06035}"
EndProject
Project("{54A90642-561A-4BB1-A94E-469ADEE60C69}") = "ReactSPA", "ReactSPA\ReactSPA.esproj", "{E95B026B-3E0B-4C38-BAB8-F86DACB55E8B}"
EndProject
Global
	GlobalSection(SolutionConfigurationPlatforms) = preSolution
		Debug|Any CPU = Debug|Any CPU
		Release|Any CPU = Release|Any CPU
	EndGlobalSection
	GlobalSection(ProjectConfigurationPlatforms) = postSolution
		{EC1BD6D2-AEBD-4C50-A57D-8CF74D1B7E7E}.Debug|Any CPU.ActiveCfg = Debug|Any CPU
		{EC1BD6D2-AEBD-4C50-A57D-8CF74D1B7E7E}.Debug|Any CPU.Build.0 = Debug|Any CPU
		{EC1BD6D2-AEBD-4C50-A57D-8CF74D1B7E7E}.Release|Any CPU.ActiveCfg = Release|Any CPU
		{EC1BD6D2-AEBD-4C50-A57D-8CF74D1B7E7E}.Release|Any CPU.Build.0 = Release|Any CPU
		{E95B026B-3E0B-4C38-BAB8-F86DACB55E8B}.Debug|Any CPU.ActiveCfg = Debug|Any CPU
		{E95B026B-3E0B-4C38-BAB8-F86DACB55E8B}.Debug|Any CPU.Build.0 = Debug|Any CPU
		{E95B026B-3E0B-4C38-BAB8-F86DACB55E8B}.Debug|Any CPU.Deploy.0 = Debug|Any CPU
		{E95B026B-3E0B-4C38-BAB8-F86DACB55E8B}.Release|Any CPU.ActiveCfg = Release|Any CPU
		{E95B026B-3E0B-4C38-BAB8-F86DACB55E8B}.Release|Any CPU.Build.0 = Release|Any CPU
		{E95B026B-3E0B-4C38-BAB8-F86DACB55E8B}.Release|Any CPU.Deploy.0 = Release|Any CPU
	EndGlobalSection
	GlobalSection(SolutionProperties) = preSolution
		HideSolutionNode = FALSE
	EndGlobalSection
	GlobalSection(NestedProjects) = preSolution
		{411640AA-0CEC-4AAF-A911-75A4E5EEB7FC} = {E60E108C-4F81-4546-A7F7-CBFCBC64C8EF}
		{EC1BD6D2-AEBD-4C50-A57D-8CF74D1B7E7E} = {722EABCA-E576-4986-B884-FA903FC197B5}
		{722EABCA-E576-4986-B884-FA903FC197B5} = {411640AA-0CEC-4AAF-A911-75A4E5EEB7FC}
		{A5E8191C-B551-47DC-BE3C-147041F06035} = {E60E108C-4F81-4546-A7F7-CBFCBC64C8EF}
		{E95B026B-3E0B-4C38-BAB8-F86DACB55E8B} = {A5E8191C-B551-47DC-BE3C-147041F06035}
	EndGlobalSection
	GlobalSection(ExtensibilityGlobals) = postSolution
		SolutionGuid = {F0CA2DF3-2B4B-431E-B635-0E0D7E9418B3}
	EndGlobalSection
EndGlobal
